
Microsoft Visual Studio Solution File, Format Version 12.00
# Visual Studio 15
VisualStudioVersion = 15.0.28307.779
MinimumVisualStudioVersion = 10.0.40219.1
Project("{FAE04EC0-301F-11D3-BF4B-00C04F79EFBC}") = "Web.Pipeline.Sample01", "Web.Pipeline.Sample01\Web.Pipeline.Sample01.csproj", "{16A8752A-2420-445A-A306-7051F185E940}"
EndProject
Project("{FAE04EC0-301F-11D3-BF4B-00C04F79EFBC}") = "Web.Pipeline.Sample01.Tests", "Web.Pipeline.Sample01.Tests\Web.Pipeline.Sample01.Tests.csproj", "{361FAF7D-77AC-4C08-A5AF-89268C0E7654}"
EndProject
Global
	GlobalSection(SolutionConfigurationPlatforms) = preSolution
		Debug|Any CPU = Debug|Any CPU
		Release|Any CPU = Release|Any CPU
	EndGlobalSection
	GlobalSection(ProjectConfigurationPlatforms) = postSolution
		{16A8752A-2420-445A-A306-7051F185E940}.Debug|Any CPU.ActiveCfg = Debug|Any CPU
		{16A8752A-2420-445A-A306-7051F185E940}.Debug|Any CPU.Build.0 = Debug|Any CPU
		{16A8752A-2420-445A-A306-7051F185E940}.Release|Any CPU.ActiveCfg = Release|Any CPU
		{16A8752A-2420-445A-A306-7051F185E940}.Release|Any CPU.Build.0 = Release|Any CPU
		{361FAF7D-77AC-4C08-A5AF-89268C0E7654}.Debug|Any CPU.ActiveCfg = Debug|Any CPU
		{361FAF7D-77AC-4C08-A5AF-89268C0E7654}.Debug|Any CPU.Build.0 = Debug|Any CPU
		{361FAF7D-77AC-4C08-A5AF-89268C0E7654}.Release|Any CPU.ActiveCfg = Release|Any CPU
		{361FAF7D-77AC-4C08-A5AF-89268C0E7654}.Release|Any CPU.Build.0 = Release|Any CPU
	EndGlobalSection
	GlobalSection(SolutionProperties) = preSolution
		HideSolutionNode = FALSE
	EndGlobalSection
	GlobalSection(ExtensibilityGlobals) = postSolution
		SolutionGuid = {6F36ADBF-2D0A-4DDD-91A2-5C71153B1BAD}
	EndGlobalSection
EndGlobal
